// !$*UTF8*$!
{
	archiveVersion = 1;
	classes = {
	};
	objectVersion = 46;
	objects = {

/* Begin PBXBuildFile section */
		4EE2351616106340003E75C7 /* main.cpp in Sources */ = {isa = PBXBuildFile; fileRef = 4EE2351516106340003E75C7 /* main.cpp */; };
		4EE2351816106340003E75C7 /* YapHash.1 in CopyFiles */ = {isa = PBXBuildFile; fileRef = 4EE2351716106340003E75C7 /* YapHash.1 */; };
/* End PBXBuildFile section */

/* Begin PBXCopyFilesBuildPhase section */
		4EE2350F16106340003E75C7 /* CopyFiles */ = {
			isa = PBXCopyFilesBuildPhase;
			buildActionMask = 2147483647;
			dstPath = /usr/share/man/man1/;
			dstSubfolderSpec = 0;
			files = (
				4EE2351816106340003E75C7 /* YapHash.1 in CopyFiles */,
			);
			runOnlyForDeploymentPostprocessing = 1;
		};
/* End PBXCopyFilesBuildPhase section */

/* Begin PBXFileReference section */
		4EE2351116106340003E75C7 /* YapHash */ = {isa = PBXFileReference; explicitFileType = "compiled.mach-o.executable"; includeInIndex = 0; path = YapHash; sourceTree = BUILT_PRODUCTS_DIR; };
		4EE2351516106340003E75C7 /* main.cpp */ = {isa = PBXFileReference; lastKnownFileType = sourcecode.cpp.cpp; path = main.cpp; sourceTree = "<group>"; };
		4EE2351716106340003E75C7 /* YapHash.1 */ = {isa = PBXFileReference; lastKnownFileType = text.man; path = YapHash.1; sourceTree = "<group>"; };
/* End PBXFileReference section */

/* Begin PBXFrameworksBuildPhase section */
		4EE2350E16106340003E75C7 /* Frameworks */ = {
			isa = PBXFrameworksBuildPhase;
			buildActionMask = 2147483647;
			files = (
			);
			runOnlyForDeploymentPostprocessing = 0;
		};
/* End PBXFrameworksBuildPhase section */

/* Begin PBXGroup section */
		4EE235061610633F003E75C7 = {
			isa = PBXGroup;
			children = (
				4EE2351416106340003E75C7 /* YapHash */,
				4EE2351216106340003E75C7 /* Products */,
			);
			sourceTree = "<group>";
		};
		4EE2351216106340003E75C7 /* Products */ = {
			isa = PBXGroup;
			children = (
				4EE2351116106340003E75C7 /* YapHash */,
			);
			name = Products;
			sourceTree = "<group>";
		};
		4EE2351416106340003E75C7 /* YapHash */ = {
			isa = PBXGroup;
			children = (
				4EE2351516106340003E75C7 /* main.cpp */,
				4EE2351716106340003E75C7 /* YapHash.1 */,
			);
			path = YapHash;
			sourceTree = "<group>";
		};
/* End PBXGroup section */

/* Begin PBXNativeTarget section */
		4EE2351016106340003E75C7 /* YapHash */ = {
			isa = PBXNativeTarget;
			buildConfigurationList = 4EE2351B16106340003E75C7 /* Build configuration list for PBXNativeTarget "YapHash" */;
			buildPhases = (
				4EE2350D16106340003E75C7 /* Sources */,
				4EE2350E16106340003E75C7 /* Frameworks */,
				4EE2350F16106340003E75C7 /* CopyFiles */,
			);
			buildRules = (
			);
			dependencies = (
			);
			name = YapHash;
			productName = YapHash;
			productReference = 4EE2351116106340003E75C7 /* YapHash */;
			productType = "com.apple.product-type.tool";
		};
/* End PBXNativeTarget section */

/* Begin PBXProject section */
		4EE235081610633F003E75C7 /* Project object */ = {
			isa = PBXProject;
			attributes = {
				LastUpgradeCheck = 0430;
				ORGANIZATIONNAME = "Ingenieurbüro Grutzek";
			};
			buildConfigurationList = 4EE2350B1610633F003E75C7 /* Build configuration list for PBXProject "YapHash" */;
			compatibilityVersion = "Xcode 3.2";
			developmentRegion = English;
			hasScannedForEncodings = 0;
			knownRegions = (
				en,
			);
			mainGroup = 4EE235061610633F003E75C7;
			productRefGroup = 4EE2351216106340003E75C7 /* Products */;
			projectDirPath = "";
			projectRoot = "";
			targets = (
				4EE2351016106340003E75C7 /* YapHash */,
			);
		};
/* End PBXProject section */

/* Begin PBXSourcesBuildPhase section */
		4EE2350D16106340003E75C7 /* Sources */ = {
			isa = PBXSourcesBuildPhase;
			buildActionMask = 2147483647;
			files = (
				4EE2351616106340003E75C7 /* main.cpp in Sources */,
			);
			runOnlyForDeploymentPostprocessing = 0;
		};
/* End PBXSourcesBuildPhase section */

/* Begin XCBuildConfiguration section */
		4EE2351916106340003E75C7 /* Debug */ = {
			isa = XCBuildConfiguration;
			buildSettings = {
				ALWAYS_SEARCH_USER_PATHS = NO;
				ARCHS = "$(ARCHS_STANDARD_64_BIT)";
				COPY_PHASE_STRIP = NO;
				GCC_C_LANGUAGE_STANDARD = gnu99;
				GCC_DYNAMIC_NO_PIC = NO;
				GCC_ENABLE_OBJC_EXCEPTIONS = YES;
				GCC_OPTIMIZATION_LEVEL = 0;
				GCC_PREPROCESSOR_DEFINITIONS = (
					"DEBUG=1",
					"$(inherited)",
				);
				GCC_SYMBOLS_PRIVATE_EXTERN = NO;
				GCC_VERSION = com.apple.compilers.llvm.clang.1_0;
				GCC_WARN_64_TO_32_BIT_CONVERSION = YES;
				GCC_WARN_ABOUT_RETURN_TYPE = YES;
				GCC_WARN_UNINITIALIZED_AUTOS = YES;
				GCC_WARN_UNUSED_VARIABLE = YES;
				MACOSX_DEPLOYMENT_TARGET = 10.7;
				ONLY_ACTIVE_ARCH = YES;
				SDKROOT = macosx;
			};
			name = Debug;
		};
		4EE2351A16106340003E75C7 /* Release */ = {
			isa = XCBuildConfiguration;
			buildSettings = {
				ALWAYS_SEARCH_USER_PATHS = NO;
				ARCHS = "$(ARCHS_STANDARD_64_BIT)";
				COPY_PHASE_STRIP = YES;
				DEBUG_INFORMATION_FORMAT = "dwarf-with-dsym";
				GCC_C_LANGUAGE_STANDARD = gnu99;
				GCC_ENABLE_OBJC_EXCEPTIONS = YES;
				GCC_VERSION = com.apple.compilers.llvm.clang.1_0;
				GCC_WARN_64_TO_32_BIT_CONVERSION = YES;
				GCC_WARN_ABOUT_RETURN_TYPE = YES;
				GCC_WARN_UNINITIALIZED_AUTOS = YES;
				GCC_WARN_UNUSED_VARIABLE = YES;
				MACOSX_DEPLOYMENT_TARGET = 10.7;
				SDKROOT = macosx;
			};
			name = Release;
		};
		4EE2351C16106340003E75C7 /* Debug */ = {
			isa = XCBuildConfiguration;
			buildSettings = {
				PRODUCT_NAME = "$(TARGET_NAME)";
			};
			name = Debug;
		};
		4EE2351D16106340003E75C7 /* Release */ = {
			isa = XCBuildConfiguration;
			buildSettings = {
				PRODUCT_NAME = "$(TARGET_NAME)";
			};
			name = Release;
		};
/* End XCBuildConfiguration section */

/* Begin XCConfigurationList section */
		4EE2350B1610633F003E75C7 /* Build configuration list for PBXProject "YapHash" */ = {
			isa = XCConfigurationList;
			buildConfigurations = (
				4EE2351916106340003E75C7 /* Debug */,
				4EE2351A16106340003E75C7 /* Release */,
			);
			defaultConfigurationIsVisible = 0;
			defaultConfigurationName = Release;
		};
		4EE2351B16106340003E75C7 /* Build configuration list for PBXNativeTarget "YapHash" */ = {
			isa = XCConfigurationList;
			buildConfigurations = (
				4EE2351C16106340003E75C7 /* Debug */,
				4EE2351D16106340003E75C7 /* Release */,
			);
			defaultConfigurationIsVisible = 0;
		};
/* End XCConfigurationList section */
	};
	rootObject = 4EE235081610633F003E75C7 /* Project object */;
}
