// !$*UTF8*$!
{
	archiveVersion = 1;
	classes = {
	};
	objectVersion = 46;
	objects = {

/* Begin PBXBuildFile section */
		4EE235371610638C003E75C7 /* Array2d_32f.cpp in Sources */ = {isa = PBXBuildFile; fileRef = 4EE235221610638C003E75C7 /* Array2d_32f.cpp */; };
		4EE235381610638C003E75C7 /* Audio.cpp in Sources */ = {isa = PBXBuildFile; fileRef = 4EE235241610638C003E75C7 /* Audio.cpp */; };
		4EE235391610638C003E75C7 /* main.cpp in Sources */ = {isa = PBXBuildFile; fileRef = 4EE235271610638C003E75C7 /* main.cpp */; };
		4EE2353A1610638C003E75C7 /* melFB.cpp in Sources */ = {isa = PBXBuildFile; fileRef = 4EE235281610638C003E75C7 /* melFB.cpp */; };
		4EE2353B1610638C003E75C7 /* parseConfig.cpp in Sources */ = {isa = PBXBuildFile; fileRef = 4EE2352A1610638C003E75C7 /* parseConfig.cpp */; };
		4EE2353C1610638C003E75C7 /* Stft.cpp in Sources */ = {isa = PBXBuildFile; fileRef = 4EE2352C1610638C003E75C7 /* Stft.cpp */; };
		4EE2353D1610638C003E75C7 /* VAD.cpp in Sources */ = {isa = PBXBuildFile; fileRef = 4EE2352F1610638C003E75C7 /* VAD.cpp */; };
		4EE2353E1610638C003E75C7 /* VIATUtilities.cpp in Sources */ = {isa = PBXBuildFile; fileRef = 4EE235311610638C003E75C7 /* VIATUtilities.cpp */; };
		4EE2353F1610638C003E75C7 /* Wave.cpp in Sources */ = {isa = PBXBuildFile; fileRef = 4EE235331610638C003E75C7 /* Wave.cpp */; };
		4EE235401610638C003E75C7 /* YapHash.cpp in Sources */ = {isa = PBXBuildFile; fileRef = 4EE235351610638C003E75C7 /* YapHash.cpp */; };
		4EE235481610646F003E75C7 /* libfwBase-1.3.1.dylib in Frameworks */ = {isa = PBXBuildFile; fileRef = 4EE235461610646F003E75C7 /* libfwBase-1.3.1.dylib */; };
		4EE235491610646F003E75C7 /* libfwSignal-1.3.1.dylib in Frameworks */ = {isa = PBXBuildFile; fileRef = 4EE235471610646F003E75C7 /* libfwSignal-1.3.1.dylib */; };
		6271F57716B9817100D46945 /* WaveLash.cpp in Sources */ = {isa = PBXBuildFile; fileRef = 6271F57616B9817100D46945 /* WaveLash.cpp */; };
		6271F57B16B9831D00D46945 /* Stwt.cpp in Sources */ = {isa = PBXBuildFile; fileRef = 6271F57816B9831D00D46945 /* Stwt.cpp */; };
		62CA61D116B95FD20002F4AE /* libfwBase.dylib in Frameworks */ = {isa = PBXBuildFile; fileRef = 62CA61D016B95FD20002F4AE /* libfwBase.dylib */; };
		62CA61D316B95FDD0002F4AE /* libfwSignal-1.3.1.dylib in Frameworks */ = {isa = PBXBuildFile; fileRef = 62CA61D216B95FDD0002F4AE /* libfwSignal-1.3.1.dylib */; };
/* End PBXBuildFile section */

/* Begin PBXCopyFilesBuildPhase section */
		4EE2350F16106340003E75C7 /* CopyFiles */ = {
			isa = PBXCopyFilesBuildPhase;
			buildActionMask = 2147483647;
			dstPath = /usr/share/man/man1/;
			dstSubfolderSpec = 0;
			files = (
			);
			runOnlyForDeploymentPostprocessing = 1;
		};
/* End PBXCopyFilesBuildPhase section */

/* Begin PBXFileReference section */
		4EE2351116106340003E75C7 /* YapHash */ = {isa = PBXFileReference; explicitFileType = "compiled.mach-o.executable"; includeInIndex = 0; path = YapHash; sourceTree = BUILT_PRODUCTS_DIR; };
		4EE235221610638C003E75C7 /* Array2d_32f.cpp */ = {isa = PBXFileReference; fileEncoding = 4; lastKnownFileType = sourcecode.cpp.cpp; name = Array2d_32f.cpp; path = sources/YapHash/src/Array2d_32f.cpp; sourceTree = SOURCE_ROOT; };
		4EE235231610638C003E75C7 /* Array2d_32f.h */ = {isa = PBXFileReference; fileEncoding = 4; lastKnownFileType = sourcecode.c.h; name = Array2d_32f.h; path = sources/YapHash/src/Array2d_32f.h; sourceTree = SOURCE_ROOT; };
		4EE235241610638C003E75C7 /* Audio.cpp */ = {isa = PBXFileReference; fileEncoding = 4; lastKnownFileType = sourcecode.cpp.cpp; name = Audio.cpp; path = sources/YapHash/src/Audio.cpp; sourceTree = SOURCE_ROOT; };
		4EE235251610638C003E75C7 /* Audio.h */ = {isa = PBXFileReference; fileEncoding = 4; lastKnownFileType = sourcecode.c.h; name = Audio.h; path = sources/YapHash/src/Audio.h; sourceTree = SOURCE_ROOT; };
		4EE235261610638C003E75C7 /* LICENSE */ = {isa = PBXFileReference; fileEncoding = 4; lastKnownFileType = text; name = LICENSE; path = sources/YapHash/src/LICENSE; sourceTree = SOURCE_ROOT; };
		4EE235271610638C003E75C7 /* main.cpp */ = {isa = PBXFileReference; fileEncoding = 4; lastKnownFileType = sourcecode.cpp.cpp; name = main.cpp; path = sources/YapHash/src/main.cpp; sourceTree = SOURCE_ROOT; };
		4EE235281610638C003E75C7 /* melFB.cpp */ = {isa = PBXFileReference; fileEncoding = 4; lastKnownFileType = sourcecode.cpp.cpp; name = melFB.cpp; path = sources/YapHash/src/melFB.cpp; sourceTree = SOURCE_ROOT; };
		4EE235291610638C003E75C7 /* melFB.h */ = {isa = PBXFileReference; fileEncoding = 4; lastKnownFileType = sourcecode.c.h; name = melFB.h; path = sources/YapHash/src/melFB.h; sourceTree = SOURCE_ROOT; };
		4EE2352A1610638C003E75C7 /* parseConfig.cpp */ = {isa = PBXFileReference; fileEncoding = 4; lastKnownFileType = sourcecode.cpp.cpp; name = parseConfig.cpp; path = sources/YapHash/src/parseConfig.cpp; sourceTree = SOURCE_ROOT; };
		4EE2352B1610638C003E75C7 /* parseConfig.h */ = {isa = PBXFileReference; fileEncoding = 4; lastKnownFileType = sourcecode.c.h; name = parseConfig.h; path = sources/YapHash/src/parseConfig.h; sourceTree = SOURCE_ROOT; };
		4EE2352C1610638C003E75C7 /* Stft.cpp */ = {isa = PBXFileReference; fileEncoding = 4; lastKnownFileType = sourcecode.cpp.cpp; name = Stft.cpp; path = sources/YapHash/src/Stft.cpp; sourceTree = SOURCE_ROOT; };
		4EE2352D1610638C003E75C7 /* Stft.h */ = {isa = PBXFileReference; fileEncoding = 4; lastKnownFileType = sourcecode.c.h; name = Stft.h; path = sources/YapHash/src/Stft.h; sourceTree = SOURCE_ROOT; };
		4EE2352E1610638C003E75C7 /* subdir.mk */ = {isa = PBXFileReference; fileEncoding = 4; lastKnownFileType = text; name = subdir.mk; path = sources/YapHash/src/subdir.mk; sourceTree = SOURCE_ROOT; };
		4EE2352F1610638C003E75C7 /* VAD.cpp */ = {isa = PBXFileReference; fileEncoding = 4; lastKnownFileType = sourcecode.cpp.cpp; name = VAD.cpp; path = sources/YapHash/src/VAD.cpp; sourceTree = SOURCE_ROOT; };
		4EE235301610638C003E75C7 /* VAD.h */ = {isa = PBXFileReference; fileEncoding = 4; lastKnownFileType = sourcecode.c.h; name = VAD.h; path = sources/YapHash/src/VAD.h; sourceTree = SOURCE_ROOT; };
		4EE235311610638C003E75C7 /* VIATUtilities.cpp */ = {isa = PBXFileReference; fileEncoding = 4; lastKnownFileType = sourcecode.cpp.cpp; name = VIATUtilities.cpp; path = sources/YapHash/src/VIATUtilities.cpp; sourceTree = SOURCE_ROOT; };
		4EE235321610638C003E75C7 /* VIATUtilities.h */ = {isa = PBXFileReference; fileEncoding = 4; lastKnownFileType = sourcecode.c.h; name = VIATUtilities.h; path = sources/YapHash/src/VIATUtilities.h; sourceTree = SOURCE_ROOT; };
		4EE235331610638C003E75C7 /* Wave.cpp */ = {isa = PBXFileReference; fileEncoding = 4; lastKnownFileType = sourcecode.cpp.cpp; name = Wave.cpp; path = sources/YapHash/src/Wave.cpp; sourceTree = SOURCE_ROOT; };
		4EE235341610638C003E75C7 /* Wave.h */ = {isa = PBXFileReference; fileEncoding = 4; lastKnownFileType = sourcecode.c.h; name = Wave.h; path = sources/YapHash/src/Wave.h; sourceTree = SOURCE_ROOT; };
		4EE235351610638C003E75C7 /* YapHash.cpp */ = {isa = PBXFileReference; fileEncoding = 4; lastKnownFileType = sourcecode.cpp.cpp; name = YapHash.cpp; path = sources/YapHash/src/YapHash.cpp; sourceTree = SOURCE_ROOT; };
		4EE235361610638C003E75C7 /* YapHash.h */ = {isa = PBXFileReference; fileEncoding = 4; lastKnownFileType = sourcecode.c.h; name = YapHash.h; path = sources/YapHash/src/YapHash.h; sourceTree = SOURCE_ROOT; };
		4EE235461610646F003E75C7 /* libfwBase-1.3.1.dylib */ = {isa = PBXFileReference; lastKnownFileType = "compiled.mach-o.dylib"; name = "libfwBase-1.3.1.dylib"; path = "FW_1.3.1_OsX/lib/libfwBase-1.3.1.dylib"; sourceTree = "<group>"; };
		4EE235471610646F003E75C7 /* libfwSignal-1.3.1.dylib */ = {isa = PBXFileReference; lastKnownFileType = "compiled.mach-o.dylib"; name = "libfwSignal-1.3.1.dylib"; path = "FW_1.3.1_OsX/lib/libfwSignal-1.3.1.dylib"; sourceTree = "<group>"; };
		6271F57616B9817100D46945 /* WaveLash.cpp */ = {isa = PBXFileReference; fileEncoding = 4; lastKnownFileType = sourcecode.cpp.cpp; name = WaveLash.cpp; path = sources/YapHash/src/WaveLash.cpp; sourceTree = SOURCE_ROOT; };
		6271F57816B9831D00D46945 /* Stwt.cpp */ = {isa = PBXFileReference; fileEncoding = 4; lastKnownFileType = sourcecode.cpp.cpp; name = Stwt.cpp; path = sources/YapHash/src/Stwt.cpp; sourceTree = SOURCE_ROOT; };
		6271F57916B9831D00D46945 /* Stwt.h */ = {isa = PBXFileReference; fileEncoding = 4; lastKnownFileType = sourcecode.c.h; name = Stwt.h; path = sources/YapHash/src/Stwt.h; sourceTree = SOURCE_ROOT; };
		6271F57A16B9831D00D46945 /* WaveLash.h */ = {isa = PBXFileReference; fileEncoding = 4; lastKnownFileType = sourcecode.c.h; name = WaveLash.h; path = sources/YapHash/src/WaveLash.h; sourceTree = SOURCE_ROOT; };
		62CA61D016B95FD20002F4AE /* libfwBase.dylib */ = {isa = PBXFileReference; lastKnownFileType = "compiled.mach-o.dylib"; name = libfwBase.dylib; path = FW_1.3.1_OsX/lib/libfwBase.dylib; sourceTree = "<group>"; };
		62CA61D216B95FDD0002F4AE /* libfwSignal-1.3.1.dylib */ = {isa = PBXFileReference; lastKnownFileType = "compiled.mach-o.dylib"; name = "libfwSignal-1.3.1.dylib"; path = "FW_1.3.1_OsX/lib/libfwSignal-1.3.1.dylib"; sourceTree = "<group>"; };
/* End PBXFileReference section */

/* Begin PBXFrameworksBuildPhase section */
		4EE2350E16106340003E75C7 /* Frameworks */ = {
			isa = PBXFrameworksBuildPhase;
			buildActionMask = 2147483647;
			files = (
				4EE235481610646F003E75C7 /* libfwBase-1.3.1.dylib in Frameworks */,
				4EE235491610646F003E75C7 /* libfwSignal-1.3.1.dylib in Frameworks */,
				62CA61D116B95FD20002F4AE /* libfwBase.dylib in Frameworks */,
				62CA61D316B95FDD0002F4AE /* libfwSignal-1.3.1.dylib in Frameworks */,
			);
			runOnlyForDeploymentPostprocessing = 0;
		};
/* End PBXFrameworksBuildPhase section */

/* Begin PBXGroup section */
		4EE235061610633F003E75C7 = {
			isa = PBXGroup;
			children = (
				62CA61D216B95FDD0002F4AE /* libfwSignal-1.3.1.dylib */,
				62CA61D016B95FD20002F4AE /* libfwBase.dylib */,
				4EE235461610646F003E75C7 /* libfwBase-1.3.1.dylib */,
				4EE235471610646F003E75C7 /* libfwSignal-1.3.1.dylib */,
				4EE2351416106340003E75C7 /* YapHash */,
				4EE2351216106340003E75C7 /* Products */,
			);
			sourceTree = "<group>";
		};
		4EE2351216106340003E75C7 /* Products */ = {
			isa = PBXGroup;
			children = (
				4EE2351116106340003E75C7 /* YapHash */,
			);
			name = Products;
			sourceTree = "<group>";
		};
		4EE2351416106340003E75C7 /* YapHash */ = {
			isa = PBXGroup;
			children = (
				6271F57816B9831D00D46945 /* Stwt.cpp */,
				6271F57916B9831D00D46945 /* Stwt.h */,
				6271F57A16B9831D00D46945 /* WaveLash.h */,
				6271F57616B9817100D46945 /* WaveLash.cpp */,
				4EE235221610638C003E75C7 /* Array2d_32f.cpp */,
				4EE235231610638C003E75C7 /* Array2d_32f.h */,
				4EE235241610638C003E75C7 /* Audio.cpp */,
				4EE235251610638C003E75C7 /* Audio.h */,
				4EE235261610638C003E75C7 /* LICENSE */,
				4EE235271610638C003E75C7 /* main.cpp */,
				4EE235281610638C003E75C7 /* melFB.cpp */,
				4EE235291610638C003E75C7 /* melFB.h */,
				4EE2352A1610638C003E75C7 /* parseConfig.cpp */,
				4EE2352B1610638C003E75C7 /* parseConfig.h */,
				4EE2352C1610638C003E75C7 /* Stft.cpp */,
				4EE2352D1610638C003E75C7 /* Stft.h */,
				4EE2352E1610638C003E75C7 /* subdir.mk */,
				4EE2352F1610638C003E75C7 /* VAD.cpp */,
				4EE235301610638C003E75C7 /* VAD.h */,
				4EE235311610638C003E75C7 /* VIATUtilities.cpp */,
				4EE235321610638C003E75C7 /* VIATUtilities.h */,
				4EE235331610638C003E75C7 /* Wave.cpp */,
				4EE235341610638C003E75C7 /* Wave.h */,
				4EE235351610638C003E75C7 /* YapHash.cpp */,
				4EE235361610638C003E75C7 /* YapHash.h */,
			);
			path = YapHash;
			sourceTree = "<group>";
		};
/* End PBXGroup section */

/* Begin PBXNativeTarget section */
		4EE2351016106340003E75C7 /* YapHash */ = {
			isa = PBXNativeTarget;
			buildConfigurationList = 4EE2351B16106340003E75C7 /* Build configuration list for PBXNativeTarget "YapHash" */;
			buildPhases = (
				4EE2350D16106340003E75C7 /* Sources */,
				4EE2350E16106340003E75C7 /* Frameworks */,
				4EE2350F16106340003E75C7 /* CopyFiles */,
			);
			buildRules = (
			);
			dependencies = (
			);
			name = YapHash;
			productName = YapHash;
			productReference = 4EE2351116106340003E75C7 /* YapHash */;
			productType = "com.apple.product-type.tool";
		};
/* End PBXNativeTarget section */

/* Begin PBXProject section */
		4EE235081610633F003E75C7 /* Project object */ = {
			isa = PBXProject;
			attributes = {
				LastUpgradeCheck = 0430;
				ORGANIZATIONNAME = "viat.fh-koeln.de";
			};
			buildConfigurationList = 4EE2350B1610633F003E75C7 /* Build configuration list for PBXProject "YapHash" */;
			compatibilityVersion = "Xcode 3.2";
			developmentRegion = English;
			hasScannedForEncodings = 0;
			knownRegions = (
				en,
			);
			mainGroup = 4EE235061610633F003E75C7;
			productRefGroup = 4EE2351216106340003E75C7 /* Products */;
			projectDirPath = "";
			projectRoot = "";
			targets = (
				4EE2351016106340003E75C7 /* YapHash */,
			);
		};
/* End PBXProject section */

/* Begin PBXSourcesBuildPhase section */
		4EE2350D16106340003E75C7 /* Sources */ = {
			isa = PBXSourcesBuildPhase;
			buildActionMask = 2147483647;
			files = (
				4EE235371610638C003E75C7 /* Array2d_32f.cpp in Sources */,
				4EE235381610638C003E75C7 /* Audio.cpp in Sources */,
				4EE235391610638C003E75C7 /* main.cpp in Sources */,
				4EE2353A1610638C003E75C7 /* melFB.cpp in Sources */,
				4EE2353B1610638C003E75C7 /* parseConfig.cpp in Sources */,
				4EE2353C1610638C003E75C7 /* Stft.cpp in Sources */,
				4EE2353D1610638C003E75C7 /* VAD.cpp in Sources */,
				4EE2353E1610638C003E75C7 /* VIATUtilities.cpp in Sources */,
				4EE2353F1610638C003E75C7 /* Wave.cpp in Sources */,
				4EE235401610638C003E75C7 /* YapHash.cpp in Sources */,
				6271F57716B9817100D46945 /* WaveLash.cpp in Sources */,
				6271F57B16B9831D00D46945 /* Stwt.cpp in Sources */,
			);
			runOnlyForDeploymentPostprocessing = 0;
		};
/* End PBXSourcesBuildPhase section */

/* Begin XCBuildConfiguration section */
		4EE2351916106340003E75C7 /* Debug */ = {
			isa = XCBuildConfiguration;
			buildSettings = {
				ALWAYS_SEARCH_USER_PATHS = NO;
				ARCHS = "$(ARCHS_STANDARD_64_BIT)";
				COPY_PHASE_STRIP = NO;
				GCC_C_LANGUAGE_STANDARD = gnu99;
				GCC_DYNAMIC_NO_PIC = NO;
				GCC_ENABLE_OBJC_EXCEPTIONS = YES;
				GCC_OPTIMIZATION_LEVEL = 0;
				GCC_PREPROCESSOR_DEFINITIONS = (
					"DEBUG=1",
					"$(inherited)",
				);
				GCC_SYMBOLS_PRIVATE_EXTERN = NO;
				GCC_VERSION = com.apple.compilers.llvm.clang.1_0;
				GCC_WARN_64_TO_32_BIT_CONVERSION = YES;
				GCC_WARN_ABOUT_RETURN_TYPE = YES;
				GCC_WARN_UNINITIALIZED_AUTOS = YES;
				GCC_WARN_UNUSED_VARIABLE = YES;
				LIBRARY_SEARCH_PATHS = /usr/local/lib;
				MACOSX_DEPLOYMENT_TARGET = 10.8;
				ONLY_ACTIVE_ARCH = YES;
				OTHER_LDFLAGS = (
					"-lfftw3",
					"-lgsl",
				);
				SDKROOT = macosx;
			};
			name = Debug;
		};
		4EE2351A16106340003E75C7 /* Release */ = {
			isa = XCBuildConfiguration;
			buildSettings = {
				ALWAYS_SEARCH_USER_PATHS = NO;
				ARCHS = "$(ARCHS_STANDARD_64_BIT)";
				COPY_PHASE_STRIP = YES;
				DEBUG_INFORMATION_FORMAT = "dwarf-with-dsym";
				GCC_C_LANGUAGE_STANDARD = gnu99;
				GCC_ENABLE_OBJC_EXCEPTIONS = YES;
				GCC_VERSION = com.apple.compilers.llvm.clang.1_0;
				GCC_WARN_64_TO_32_BIT_CONVERSION = YES;
				GCC_WARN_ABOUT_RETURN_TYPE = YES;
				GCC_WARN_UNINITIALIZED_AUTOS = YES;
				GCC_WARN_UNUSED_VARIABLE = YES;
				LIBRARY_SEARCH_PATHS = /usr/local/lib;
				MACOSX_DEPLOYMENT_TARGET = 10.8;
				OTHER_LDFLAGS = (
					"-lfftw3",
					"-lgsl",
				);
				SDKROOT = macosx;
			};
			name = Release;
		};
		4EE2351C16106340003E75C7 /* Debug */ = {
			isa = XCBuildConfiguration;
			buildSettings = {
				HEADER_SEARCH_PATHS = (
					/usr/local/include,
					"${SRCROOT}/FW_1.3.1_OsX",
					/opt/local/include,
				);
				LIBRARY_SEARCH_PATHS = (
					"$(inherited)",
					/opt/local/lib,
					"${SRCROOT}/FW_1.3.1_OsX/lib",
					"\"$(SRCROOT)\"",
				);
				OTHER_LDFLAGS = (
					"-lfftw3",
					"-lgsl",
				);
				PRODUCT_NAME = "$(TARGET_NAME)";
			};
			name = Debug;
		};
		4EE2351D16106340003E75C7 /* Release */ = {
			isa = XCBuildConfiguration;
			buildSettings = {
				HEADER_SEARCH_PATHS = (
					/usr/local/include,
					"${SRCROOT}/FW_1.3.1_OsX",
					/opt/local/include,
				);
				LIBRARY_SEARCH_PATHS = (
					"$(inherited)",
					/opt/local/lib,
					"${SRCROOT}/FW_1.3.1_OsX/lib",
					"\"$(SRCROOT)\"",
				);
				OTHER_LDFLAGS = (
					"-lfftw3",
					"-lgsl",
				);
				PRODUCT_NAME = "$(TARGET_NAME)";
			};
			name = Release;
		};
/* End XCBuildConfiguration section */

/* Begin XCConfigurationList section */
		4EE2350B1610633F003E75C7 /* Build configuration list for PBXProject "YapHash" */ = {
			isa = XCConfigurationList;
			buildConfigurations = (
				4EE2351916106340003E75C7 /* Debug */,
				4EE2351A16106340003E75C7 /* Release */,
			);
			defaultConfigurationIsVisible = 0;
			defaultConfigurationName = Release;
		};
		4EE2351B16106340003E75C7 /* Build configuration list for PBXNativeTarget "YapHash" */ = {
			isa = XCConfigurationList;
			buildConfigurations = (
				4EE2351C16106340003E75C7 /* Debug */,
				4EE2351D16106340003E75C7 /* Release */,
			);
			defaultConfigurationIsVisible = 0;
			defaultConfigurationName = Release;
		};
/* End XCConfigurationList section */
	};
	rootObject = 4EE235081610633F003E75C7 /* Project object */;
}
